
Microsoft Visual Studio Solution File, Format Version 12.00
# Visual Studio Version 16
VisualStudioVersion = 16.0.30907.101
MinimumVisualStudioVersion = 10.0.40219.1
Project("{FAE04EC0-301F-11D3-BF4B-00C04F79EFBC}") = "ConsoleApp3", "ConsoleApp3\ConsoleApp3.csproj", "{F2D198BF-7067-46A7-BD1B-BF4D2AE1941B}"
EndProject
Global
	GlobalSection(SolutionConfigurationPlatforms) = preSolution
		Debug|Any CPU = Debug|Any CPU
		Release|Any CPU = Release|Any CPU
	EndGlobalSection
	GlobalSection(ProjectConfigurationPlatforms) = postSolution
		{F2D198BF-7067-46A7-BD1B-BF4D2AE1941B}.Debug|Any CPU.ActiveCfg = Debug|Any CPU
		{F2D198BF-7067-46A7-BD1B-BF4D2AE1941B}.Debug|Any CPU.Build.0 = Debug|Any CPU
		{F2D198BF-7067-46A7-BD1B-BF4D2AE1941B}.Release|Any CPU.ActiveCfg = Release|Any CPU
		{F2D198BF-7067-46A7-BD1B-BF4D2AE1941B}.Release|Any CPU.Build.0 = Release|Any CPU
	EndGlobalSection
	GlobalSection(SolutionProperties) = preSolution
		HideSolutionNode = FALSE
	EndGlobalSection
	GlobalSection(ExtensibilityGlobals) = postSolution
		SolutionGuid = {990308B6-58CA-41F3-87E7-F61382773BF1}
	EndGlobalSection
EndGlobal
